
Microsoft Visual Studio Solution File, Format Version 12.00
# Visual Studio Version 16
VisualStudioVersion = 16.0.30804.86
MinimumVisualStudioVersion = 10.0.40219.1
Project("{9A19103F-16F7-4668-BE54-9A1E7A4F7556}") = "EX_SqlCsvExporter", "EX_SqlCsvExporter\EX_SqlCsvExporter.csproj", "{42BD59DF-BAFC-4F86-95B9-47E33D505767}"
EndProject
Global
	GlobalSection(SolutionConfigurationPlatforms) = preSolution
		Debug|Any CPU = Debug|Any CPU
		Release|Any CPU = Release|Any CPU
	EndGlobalSection
	GlobalSection(ProjectConfigurationPlatforms) = postSolution
		{42BD59DF-BAFC-4F86-95B9-47E33D505767}.Debug|Any CPU.ActiveCfg = Debug|Any CPU
		{42BD59DF-BAFC-4F86-95B9-47E33D505767}.Debug|Any CPU.Build.0 = Debug|Any CPU
		{42BD59DF-BAFC-4F86-95B9-47E33D505767}.Release|Any CPU.ActiveCfg = Release|Any CPU
		{42BD59DF-BAFC-4F86-95B9-47E33D505767}.Release|Any CPU.Build.0 = Release|Any CPU
	EndGlobalSection
	GlobalSection(SolutionProperties) = preSolution
		HideSolutionNode = FALSE
	EndGlobalSection
	GlobalSection(ExtensibilityGlobals) = postSolution
		SolutionGuid = {000C32AB-B968-41F7-AA2B-EB3338C11592}
	EndGlobalSection
EndGlobal
